{
  "pins" : [
    {
      "identity" : "dividers",
      "kind" : "remoteSourceControl",
      "location" : "https://github.com/0x0001SUI/Dividers",
      "state" : {
        "revision" : "c921c17ec9935c59b7a3a1239bc35ced516727b1",
        "version" : "1.1.0"
      }
    },
    {
      "identity" : "felixfelicis",
      "kind" : "remoteSourceControl",
      "location" : "https://github.com/0x0001SUI/FelixFelicis",
      "state" : {
        "revision" : "b55eac95818ed7e7e7eed6105916fc506c211e95",
        "version" : "1.0.0"
      }
    },
    {
      "identity" : "hapticbutton",
      "kind" : "remoteSourceControl",
      "location" : "https://github.com/0x0001SUI/HapticButton",
      "state" : {
        "revision" : "2e46ad0b47fe81792e4efa3f64191cf13d730182",
        "version" : "1.0.0"
      }
    },
    {
      "identity" : "keyboardstate",
      "kind" : "remoteSourceControl",
      "location" : "https://github.com/0x0001SUI/KeyboardState",
      "state" : {
        "revision" : "1c10606639166136ec7a8ca5b118ebf33ff1946b",
        "version" : "1.1.0"
      }
    },
    {
      "identity" : "platformspecificvalue",
      "kind" : "remoteSourceControl",
      "location" : "https://github.com/0x0001SUI/PlatformSpecificValue",
      "state" : {
        "revision" : "d601d8947edc406c1fadd22957e77e0eb05f101f",
        "version" : "0.1.0"
      }
    },
    {
      "identity" : "scaledvalues",
      "kind" : "remoteSourceControl",
      "location" : "https://github.com/0x0001SUI/ScaledValues",
      "state" : {
        "revision" : "bcc568004113453d6e84735e600a272c2c734582",
        "version" : "1.3.0"
      }
    },
    {
      "identity" : "textview",
      "kind" : "remoteSourceControl",
      "location" : "https://github.com/0x0001SUI/TextView",
      "state" : {
        "revision" : "d7ca268cea54540f6ad79dba78b6fb8a1e13d323",
        "version" : "1.0.1"
      }
    }
  ],
  "version" : 2
}
